
Microsoft Visual Studio Solution File, Format Version 12.00
# Visual Studio Version 17
VisualStudioVersion = 17.14.36518.9 d17.14
MinimumVisualStudioVersion = 10.0.40219.1
Project("{FAE04EC0-301F-11D3-BF4B-00C04F79EFBC}") = "BudgetTracker", "BudgetTracker\BudgetTracker.csproj", "{526280C3-EAB8-4C63-8D18-65A138169993}"
EndProject
Global
	GlobalSection(SolutionConfigurationPlatforms) = preSolution
		Debug|Any CPU = Debug|Any CPU
		Release|Any CPU = Release|Any CPU
	EndGlobalSection
	GlobalSection(ProjectConfigurationPlatforms) = postSolution
		{526280C3-EAB8-4C63-8D18-65A138169993}.Debug|Any CPU.ActiveCfg = Debug|Any CPU
		{526280C3-EAB8-4C63-8D18-65A138169993}.Debug|Any CPU.Build.0 = Debug|Any CPU
		{526280C3-EAB8-4C63-8D18-65A138169993}.Release|Any CPU.ActiveCfg = Release|Any CPU
		{526280C3-EAB8-4C63-8D18-65A138169993}.Release|Any CPU.Build.0 = Release|Any CPU
	EndGlobalSection
	GlobalSection(SolutionProperties) = preSolution
		HideSolutionNode = FALSE
	EndGlobalSection
	GlobalSection(ExtensibilityGlobals) = postSolution
		SolutionGuid = {45C2C82D-D304-48B7-AB4F-6016D6BBE847}
	EndGlobalSection
EndGlobal
