
Microsoft Visual Studio Solution File, Format Version 12.00
# Visual Studio Version 17
VisualStudioVersion = 17.14.36518.9 d17.14
MinimumVisualStudioVersion = 10.0.40219.1
Project("{FAE04EC0-301F-11D3-BF4B-00C04F79EFBC}") = "SimpleWebsite", "SimpleWebsite\SimpleWebsite.csproj", "{38EFBCDC-5674-4EC2-B0E4-EB1134359C95}"
EndProject
Global
	GlobalSection(SolutionConfigurationPlatforms) = preSolution
		Debug|Any CPU = Debug|Any CPU
		Release|Any CPU = Release|Any CPU
	EndGlobalSection
	GlobalSection(ProjectConfigurationPlatforms) = postSolution
		{38EFBCDC-5674-4EC2-B0E4-EB1134359C95}.Debug|Any CPU.ActiveCfg = Debug|Any CPU
		{38EFBCDC-5674-4EC2-B0E4-EB1134359C95}.Debug|Any CPU.Build.0 = Debug|Any CPU
		{38EFBCDC-5674-4EC2-B0E4-EB1134359C95}.Release|Any CPU.ActiveCfg = Release|Any CPU
		{38EFBCDC-5674-4EC2-B0E4-EB1134359C95}.Release|Any CPU.Build.0 = Release|Any CPU
	EndGlobalSection
	GlobalSection(SolutionProperties) = preSolution
		HideSolutionNode = FALSE
	EndGlobalSection
	GlobalSection(ExtensibilityGlobals) = postSolution
		SolutionGuid = {74487A3F-B241-45A8-B1DF-FDA599A0D17B}
	EndGlobalSection
EndGlobal
